// !$*UTF8*$!
{
	archiveVersion = 1;
	classes = {
	};
	objectVersion = 50;
	objects = {

/* Begin PBXBuildFile section */
		075FE17022326246007EC555 /* CloudKit.framework in Frameworks */ = {isa = PBXBuildFile; fileRef = 075FE16F22326246007EC555 /* CloudKit.framework */; };
		075FE1722232659C007EC555 /* FetchGeoContext.swift in Sources */ = {isa = PBXBuildFile; fileRef = 075FE1712232659C007EC555 /* FetchGeoContext.swift */; };
		075FE174223265C8007EC555 /* PlaceAnnotationItem.swift in Sources */ = {isa = PBXBuildFile; fileRef = 075FE173223265C8007EC555 /* PlaceAnnotationItem.swift */; };
		075FE1762232811B007EC555 /* PlaceRecord.swift in Sources */ = {isa = PBXBuildFile; fileRef = 075FE1752232811B007EC555 /* PlaceRecord.swift */; };
		075FE17B2232A6A5007EC555 /* Assets.xcassets in Resources */ = {isa = PBXBuildFile; fileRef = 075FE17A2232A6A5007EC555 /* Assets.xcassets */; };
		07956E3C2233AAB4001F1449 /* Default-568h@2x.png in Resources */ = {isa = PBXBuildFile; fileRef = 07956E3B2233AAB4001F1449 /* Default-568h@2x.png */; };
		07A5F8942232DCFD0071FB3A /* PlaceContext.swift in Sources */ = {isa = PBXBuildFile; fileRef = 07A5F8932232DCFD0071FB3A /* PlaceContext.swift */; };
		07B7F130222FF5F800E22A27 /* AppDelegate.swift in Sources */ = {isa = PBXBuildFile; fileRef = 07B7F12F222FF5F800E22A27 /* AppDelegate.swift */; };
		07B7F132222FF5F800E22A27 /* MapViewController.swift in Sources */ = {isa = PBXBuildFile; fileRef = 07B7F131222FF5F800E22A27 /* MapViewController.swift */; };
		07B7F135222FF5F800E22A27 /* Main.storyboard in Resources */ = {isa = PBXBuildFile; fileRef = 07B7F133222FF5F800E22A27 /* Main.storyboard */; };
		07B7F138222FF5F800E22A27 /* Gastro_Places.xcdatamodeld in Sources */ = {isa = PBXBuildFile; fileRef = 07B7F136222FF5F800E22A27 /* Gastro_Places.xcdatamodeld */; };
		07B7F13D222FF5F900E22A27 /* LaunchScreen.storyboard in Resources */ = {isa = PBXBuildFile; fileRef = 07B7F13B222FF5F900E22A27 /* LaunchScreen.storyboard */; };
		07B7F14722301AD000E22A27 /* RoundObjects.swift in Sources */ = {isa = PBXBuildFile; fileRef = 07B7F14622301AD000E22A27 /* RoundObjects.swift */; };
		07B7F14A22302B4200E22A27 /* GeoContext.swift in Sources */ = {isa = PBXBuildFile; fileRef = 07B7F14922302B4200E22A27 /* GeoContext.swift */; };
		07B7F14E2230802500E22A27 /* AsyncOperation.swift in Sources */ = {isa = PBXBuildFile; fileRef = 07B7F14D2230802500E22A27 /* AsyncOperation.swift */; };
/* End PBXBuildFile section */

/* Begin PBXFileReference section */
		074E9AAA2232616B00F8E494 /* Gastro Places.entitlements */ = {isa = PBXFileReference; lastKnownFileType = text.plist.entitlements; path = "Gastro Places.entitlements"; sourceTree = "<group>"; };
		075FE16F22326246007EC555 /* CloudKit.framework */ = {isa = PBXFileReference; lastKnownFileType = wrapper.framework; name = CloudKit.framework; path = System/Library/Frameworks/CloudKit.framework; sourceTree = SDKROOT; };
		075FE1712232659C007EC555 /* FetchGeoContext.swift */ = {isa = PBXFileReference; lastKnownFileType = sourcecode.swift; path = FetchGeoContext.swift; sourceTree = "<group>"; };
		075FE173223265C8007EC555 /* PlaceAnnotationItem.swift */ = {isa = PBXFileReference; lastKnownFileType = sourcecode.swift; path = PlaceAnnotationItem.swift; sourceTree = "<group>"; };
		075FE1752232811B007EC555 /* PlaceRecord.swift */ = {isa = PBXFileReference; lastKnownFileType = sourcecode.swift; path = PlaceRecord.swift; sourceTree = "<group>"; };
		075FE17A2232A6A5007EC555 /* Assets.xcassets */ = {isa = PBXFileReference; lastKnownFileType = folder.assetcatalog; path = Assets.xcassets; sourceTree = "<group>"; };
		07956E3B2233AAB4001F1449 /* Default-568h@2x.png */ = {isa = PBXFileReference; lastKnownFileType = image.png; path = "Default-568h@2x.png"; sourceTree = "<group>"; };
		07A5F8932232DCFD0071FB3A /* PlaceContext.swift */ = {isa = PBXFileReference; lastKnownFileType = sourcecode.swift; path = PlaceContext.swift; sourceTree = "<group>"; };
		07B7F12C222FF5F800E22A27 /* Gastro Places.app */ = {isa = PBXFileReference; explicitFileType = wrapper.application; includeInIndex = 0; path = "Gastro Places.app"; sourceTree = BUILT_PRODUCTS_DIR; };
		07B7F12F222FF5F800E22A27 /* AppDelegate.swift */ = {isa = PBXFileReference; lastKnownFileType = sourcecode.swift; path = AppDelegate.swift; sourceTree = "<group>"; };
		07B7F131222FF5F800E22A27 /* MapViewController.swift */ = {isa = PBXFileReference; lastKnownFileType = sourcecode.swift; path = MapViewController.swift; sourceTree = "<group>"; };
		07B7F134222FF5F800E22A27 /* Base */ = {isa = PBXFileReference; lastKnownFileType = file.storyboard; name = Base; path = Base.lproj/Main.storyboard; sourceTree = "<group>"; };
		07B7F137222FF5F800E22A27 /* Gastro_Places.xcdatamodel */ = {isa = PBXFileReference; lastKnownFileType = wrapper.xcdatamodel; path = Gastro_Places.xcdatamodel; sourceTree = "<group>"; };
		07B7F13C222FF5F900E22A27 /* Base */ = {isa = PBXFileReference; lastKnownFileType = file.storyboard; name = Base; path = Base.lproj/LaunchScreen.storyboard; sourceTree = "<group>"; };
		07B7F13E222FF5F900E22A27 /* Info.plist */ = {isa = PBXFileReference; lastKnownFileType = text.plist.xml; path = Info.plist; sourceTree = "<group>"; };
		07B7F14622301AD000E22A27 /* RoundObjects.swift */ = {isa = PBXFileReference; lastKnownFileType = sourcecode.swift; path = RoundObjects.swift; sourceTree = "<group>"; };
		07B7F14922302B4200E22A27 /* GeoContext.swift */ = {isa = PBXFileReference; lastKnownFileType = sourcecode.swift; path = GeoContext.swift; sourceTree = "<group>"; };
		07B7F14D2230802500E22A27 /* AsyncOperation.swift */ = {isa = PBXFileReference; lastKnownFileType = sourcecode.swift; path = AsyncOperation.swift; sourceTree = "<group>"; };
/* End PBXFileReference section */

/* Begin PBXFrameworksBuildPhase section */
		07B7F129222FF5F800E22A27 /* Frameworks */ = {
			isa = PBXFrameworksBuildPhase;
			buildActionMask = 2147483647;
			files = (
				075FE17022326246007EC555 /* CloudKit.framework in Frameworks */,
			);
			runOnlyForDeploymentPostprocessing = 0;
		};
/* End PBXFrameworksBuildPhase section */

/* Begin PBXGroup section */
		075FE16E22326246007EC555 /* Frameworks */ = {
			isa = PBXGroup;
			children = (
				075FE16F22326246007EC555 /* CloudKit.framework */,
			);
			name = Frameworks;
			sourceTree = "<group>";
		};
		075FE17722328120007EC555 /* PlaceCKRecord */ = {
			isa = PBXGroup;
			children = (
				075FE1752232811B007EC555 /* PlaceRecord.swift */,
			);
			path = PlaceCKRecord;
			sourceTree = "<group>";
		};
		07956E3A2233AA7F001F1449 /* Supporting files */ = {
			isa = PBXGroup;
			children = (
				07B7F12F222FF5F800E22A27 /* AppDelegate.swift */,
				07B7F136222FF5F800E22A27 /* Gastro_Places.xcdatamodeld */,
			);
			path = "Supporting files";
			sourceTree = "<group>";
		};
		07B7F123222FF5F800E22A27 = {
			isa = PBXGroup;
			children = (
				07956E3B2233AAB4001F1449 /* Default-568h@2x.png */,
				07B7F12E222FF5F800E22A27 /* Gastro Places */,
				07B7F12D222FF5F800E22A27 /* Products */,
				075FE16E22326246007EC555 /* Frameworks */,
			);
			sourceTree = "<group>";
		};
		07B7F12D222FF5F800E22A27 /* Products */ = {
			isa = PBXGroup;
			children = (
				07B7F12C222FF5F800E22A27 /* Gastro Places.app */,
			);
			name = Products;
			sourceTree = "<group>";
		};
		07B7F12E222FF5F800E22A27 /* Gastro Places */ = {
			isa = PBXGroup;
			children = (
				074E9AAA2232616B00F8E494 /* Gastro Places.entitlements */,
				07B7F14822302B3100E22A27 /* Model */,
				07B7F14422301A8900E22A27 /* ViewControllers */,
				07B7F14522301A9E00E22A27 /* Extensions */,
				075FE17722328120007EC555 /* PlaceCKRecord */,
				07B7F133222FF5F800E22A27 /* Main.storyboard */,
				07B7F13B222FF5F900E22A27 /* LaunchScreen.storyboard */,
				07956E3A2233AA7F001F1449 /* Supporting files */,
				07B7F13E222FF5F900E22A27 /* Info.plist */,
				075FE17A2232A6A5007EC555 /* Assets.xcassets */,
			);
			path = "Gastro Places";
			sourceTree = "<group>";
		};
		07B7F14422301A8900E22A27 /* ViewControllers */ = {
			isa = PBXGroup;
			children = (
				07B7F131222FF5F800E22A27 /* MapViewController.swift */,
			);
			path = ViewControllers;
			sourceTree = "<group>";
		};
		07B7F14522301A9E00E22A27 /* Extensions */ = {
			isa = PBXGroup;
			children = (
				07B7F14622301AD000E22A27 /* RoundObjects.swift */,
			);
			path = Extensions;
			sourceTree = "<group>";
		};
		07B7F14822302B3100E22A27 /* Model */ = {
			isa = PBXGroup;
			children = (
				07B7F14922302B4200E22A27 /* GeoContext.swift */,
				075FE1712232659C007EC555 /* FetchGeoContext.swift */,
				075FE173223265C8007EC555 /* PlaceAnnotationItem.swift */,
				07A5F8932232DCFD0071FB3A /* PlaceContext.swift */,
				07B7F14D2230802500E22A27 /* AsyncOperation.swift */,
			);
			path = Model;
			sourceTree = "<group>";
		};
/* End PBXGroup section */

/* Begin PBXNativeTarget section */
		07B7F12B222FF5F800E22A27 /* Gastro Places */ = {
			isa = PBXNativeTarget;
			buildConfigurationList = 07B7F141222FF5FA00E22A27 /* Build configuration list for PBXNativeTarget "Gastro Places" */;
			buildPhases = (
				07B7F128222FF5F800E22A27 /* Sources */,
				07B7F129222FF5F800E22A27 /* Frameworks */,
				07B7F12A222FF5F800E22A27 /* Resources */,
			);
			buildRules = (
			);
			dependencies = (
			);
			name = "Gastro Places";
			productName = "Gastro Places";
			productReference = 07B7F12C222FF5F800E22A27 /* Gastro Places.app */;
			productType = "com.apple.product-type.application";
		};
/* End PBXNativeTarget section */

/* Begin PBXProject section */
		07B7F124222FF5F800E22A27 /* Project object */ = {
			isa = PBXProject;
			attributes = {
				LastSwiftUpdateCheck = 1010;
				LastUpgradeCheck = 1010;
				ORGANIZATIONNAME = "Michal Martinů";
				TargetAttributes = {
					07B7F12B222FF5F800E22A27 = {
						CreatedOnToolsVersion = 10.1;
						SystemCapabilities = {
							com.apple.Push = {
								enabled = 1;
							};
							com.apple.iCloud = {
								enabled = 1;
							};
						};
					};
				};
			};
			buildConfigurationList = 07B7F127222FF5F800E22A27 /* Build configuration list for PBXProject "Gastro Places" */;
			compatibilityVersion = "Xcode 9.3";
			developmentRegion = en;
			hasScannedForEncodings = 0;
			knownRegions = (
				en,
				Base,
			);
			mainGroup = 07B7F123222FF5F800E22A27;
			productRefGroup = 07B7F12D222FF5F800E22A27 /* Products */;
			projectDirPath = "";
			projectRoot = "";
			targets = (
				07B7F12B222FF5F800E22A27 /* Gastro Places */,
			);
		};
/* End PBXProject section */

/* Begin PBXResourcesBuildPhase section */
		07B7F12A222FF5F800E22A27 /* Resources */ = {
			isa = PBXResourcesBuildPhase;
			buildActionMask = 2147483647;
			files = (
				07B7F13D222FF5F900E22A27 /* LaunchScreen.storyboard in Resources */,
				07956E3C2233AAB4001F1449 /* Default-568h@2x.png in Resources */,
				075FE17B2232A6A5007EC555 /* Assets.xcassets in Resources */,
				07B7F135222FF5F800E22A27 /* Main.storyboard in Resources */,
			);
			runOnlyForDeploymentPostprocessing = 0;
		};
/* End PBXResourcesBuildPhase section */

/* Begin PBXSourcesBuildPhase section */
		07B7F128222FF5F800E22A27 /* Sources */ = {
			isa = PBXSourcesBuildPhase;
			buildActionMask = 2147483647;
			files = (
				07B7F138222FF5F800E22A27 /* Gastro_Places.xcdatamodeld in Sources */,
				07A5F8942232DCFD0071FB3A /* PlaceContext.swift in Sources */,
				07B7F132222FF5F800E22A27 /* MapViewController.swift in Sources */,
				075FE1722232659C007EC555 /* FetchGeoContext.swift in Sources */,
				075FE174223265C8007EC555 /* PlaceAnnotationItem.swift in Sources */,
				07B7F130222FF5F800E22A27 /* AppDelegate.swift in Sources */,
				07B7F14722301AD000E22A27 /* RoundObjects.swift in Sources */,
				07B7F14E2230802500E22A27 /* AsyncOperation.swift in Sources */,
				075FE1762232811B007EC555 /* PlaceRecord.swift in Sources */,
				07B7F14A22302B4200E22A27 /* GeoContext.swift in Sources */,
			);
			runOnlyForDeploymentPostprocessing = 0;
		};
/* End PBXSourcesBuildPhase section */

/* Begin PBXVariantGroup section */
		07B7F133222FF5F800E22A27 /* Main.storyboard */ = {
			isa = PBXVariantGroup;
			children = (
				07B7F134222FF5F800E22A27 /* Base */,
			);
			name = Main.storyboard;
			sourceTree = "<group>";
		};
		07B7F13B222FF5F900E22A27 /* LaunchScreen.storyboard */ = {
			isa = PBXVariantGroup;
			children = (
				07B7F13C222FF5F900E22A27 /* Base */,
			);
			name = LaunchScreen.storyboard;
			sourceTree = "<group>";
		};
/* End PBXVariantGroup section */

/* Begin XCBuildConfiguration section */
		07B7F13F222FF5FA00E22A27 /* Debug */ = {
			isa = XCBuildConfiguration;
			buildSettings = {
				ALWAYS_SEARCH_USER_PATHS = NO;
				CLANG_ANALYZER_NONNULL = YES;
				CLANG_ANALYZER_NUMBER_OBJECT_CONVERSION = YES_AGGRESSIVE;
				CLANG_CXX_LANGUAGE_STANDARD = "gnu++14";
				CLANG_CXX_LIBRARY = "libc++";
				CLANG_ENABLE_MODULES = YES;
				CLANG_ENABLE_OBJC_ARC = YES;
				CLANG_ENABLE_OBJC_WEAK = YES;
				CLANG_WARN_BLOCK_CAPTURE_AUTORELEASING = YES;
				CLANG_WARN_BOOL_CONVERSION = YES;
				CLANG_WARN_COMMA = YES;
				CLANG_WARN_CONSTANT_CONVERSION = YES;
				CLANG_WARN_DEPRECATED_OBJC_IMPLEMENTATIONS = YES;
				CLANG_WARN_DIRECT_OBJC_ISA_USAGE = YES_ERROR;
				CLANG_WARN_DOCUMENTATION_COMMENTS = YES;
				CLANG_WARN_EMPTY_BODY = YES;
				CLANG_WARN_ENUM_CONVERSION = YES;
				CLANG_WARN_INFINITE_RECURSION = YES;
				CLANG_WARN_INT_CONVERSION = YES;
				CLANG_WARN_NON_LITERAL_NULL_CONVERSION = YES;
				CLANG_WARN_OBJC_IMPLICIT_RETAIN_SELF = YES;
				CLANG_WARN_OBJC_LITERAL_CONVERSION = YES;
				CLANG_WARN_OBJC_ROOT_CLASS = YES_ERROR;
				CLANG_WARN_RANGE_LOOP_ANALYSIS = YES;
				CLANG_WARN_STRICT_PROTOTYPES = YES;
				CLANG_WARN_SUSPICIOUS_MOVE = YES;
				CLANG_WARN_UNGUARDED_AVAILABILITY = YES_AGGRESSIVE;
				CLANG_WARN_UNREACHABLE_CODE = YES;
				CLANG_WARN__DUPLICATE_METHOD_MATCH = YES;
				CODE_SIGN_IDENTITY = "iPhone Developer";
				COPY_PHASE_STRIP = NO;
				DEBUG_INFORMATION_FORMAT = dwarf;
				ENABLE_STRICT_OBJC_MSGSEND = YES;
				ENABLE_TESTABILITY = YES;
				GCC_C_LANGUAGE_STANDARD = gnu11;
				GCC_DYNAMIC_NO_PIC = NO;
				GCC_NO_COMMON_BLOCKS = YES;
				GCC_OPTIMIZATION_LEVEL = 0;
				GCC_PREPROCESSOR_DEFINITIONS = (
					"DEBUG=1",
					"$(inherited)",
				);
				GCC_WARN_64_TO_32_BIT_CONVERSION = YES;
				GCC_WARN_ABOUT_RETURN_TYPE = YES_ERROR;
				GCC_WARN_UNDECLARED_SELECTOR = YES;
				GCC_WARN_UNINITIALIZED_AUTOS = YES_AGGRESSIVE;
				GCC_WARN_UNUSED_FUNCTION = YES;
				GCC_WARN_UNUSED_VARIABLE = YES;
				IPHONEOS_DEPLOYMENT_TARGET = 12.1;
				MTL_ENABLE_DEBUG_INFO = INCLUDE_SOURCE;
				MTL_FAST_MATH = YES;
				ONLY_ACTIVE_ARCH = YES;
				SDKROOT = iphoneos;
				SWIFT_ACTIVE_COMPILATION_CONDITIONS = DEBUG;
				SWIFT_OPTIMIZATION_LEVEL = "-Onone";
			};
			name = Debug;
		};
		07B7F140222FF5FA00E22A27 /* Release */ = {
			isa = XCBuildConfiguration;
			buildSettings = {
				ALWAYS_SEARCH_USER_PATHS = NO;
				CLANG_ANALYZER_NONNULL = YES;
				CLANG_ANALYZER_NUMBER_OBJECT_CONVERSION = YES_AGGRESSIVE;
				CLANG_CXX_LANGUAGE_STANDARD = "gnu++14";
				CLANG_CXX_LIBRARY = "libc++";
				CLANG_ENABLE_MODULES = YES;
				CLANG_ENABLE_OBJC_ARC = YES;
				CLANG_ENABLE_OBJC_WEAK = YES;
				CLANG_WARN_BLOCK_CAPTURE_AUTORELEASING = YES;
				CLANG_WARN_BOOL_CONVERSION = YES;
				CLANG_WARN_COMMA = YES;
				CLANG_WARN_CONSTANT_CONVERSION = YES;
				CLANG_WARN_DEPRECATED_OBJC_IMPLEMENTATIONS = YES;
				CLANG_WARN_DIRECT_OBJC_ISA_USAGE = YES_ERROR;
				CLANG_WARN_DOCUMENTATION_COMMENTS = YES;
				CLANG_WARN_EMPTY_BODY = YES;
				CLANG_WARN_ENUM_CONVERSION = YES;
				CLANG_WARN_INFINITE_RECURSION = YES;
				CLANG_WARN_INT_CONVERSION = YES;
				CLANG_WARN_NON_LITERAL_NULL_CONVERSION = YES;
				CLANG_WARN_OBJC_IMPLICIT_RETAIN_SELF = YES;
				CLANG_WARN_OBJC_LITERAL_CONVERSION = YES;
				CLANG_WARN_OBJC_ROOT_CLASS = YES_ERROR;
				CLANG_WARN_RANGE_LOOP_ANALYSIS = YES;
				CLANG_WARN_STRICT_PROTOTYPES = YES;
				CLANG_WARN_SUSPICIOUS_MOVE = YES;
				CLANG_WARN_UNGUARDED_AVAILABILITY = YES_AGGRESSIVE;
				CLANG_WARN_UNREACHABLE_CODE = YES;
				CLANG_WARN__DUPLICATE_METHOD_MATCH = YES;
				CODE_SIGN_IDENTITY = "iPhone Developer";
				COPY_PHASE_STRIP = NO;
				DEBUG_INFORMATION_FORMAT = "dwarf-with-dsym";
				ENABLE_NS_ASSERTIONS = NO;
				ENABLE_STRICT_OBJC_MSGSEND = YES;
				GCC_C_LANGUAGE_STANDARD = gnu11;
				GCC_NO_COMMON_BLOCKS = YES;
				GCC_WARN_64_TO_32_BIT_CONVERSION = YES;
				GCC_WARN_ABOUT_RETURN_TYPE = YES_ERROR;
				GCC_WARN_UNDECLARED_SELECTOR = YES;
				GCC_WARN_UNINITIALIZED_AUTOS = YES_AGGRESSIVE;
				GCC_WARN_UNUSED_FUNCTION = YES;
				GCC_WARN_UNUSED_VARIABLE = YES;
				IPHONEOS_DEPLOYMENT_TARGET = 12.1;
				MTL_ENABLE_DEBUG_INFO = NO;
				MTL_FAST_MATH = YES;
				SDKROOT = iphoneos;
				SWIFT_COMPILATION_MODE = wholemodule;
				SWIFT_OPTIMIZATION_LEVEL = "-O";
				VALIDATE_PRODUCT = YES;
			};
			name = Release;
		};
		07B7F142222FF5FA00E22A27 /* Debug */ = {
			isa = XCBuildConfiguration;
			buildSettings = {
				ASSETCATALOG_COMPILER_APPICON_NAME = AppIcon;
				CODE_SIGN_ENTITLEMENTS = "Gastro Places/Gastro Places.entitlements";
				CODE_SIGN_STYLE = Automatic;
				DEVELOPMENT_TEAM = H84BAJDPWF;
				INFOPLIST_FILE = "Gastro Places/Info.plist";
				LD_RUNPATH_SEARCH_PATHS = (
					"$(inherited)",
					"@executable_path/Frameworks",
				);
				PRODUCT_BUNDLE_IDENTIFIER = "com.michalmartinu.Gastro-Places";
				PRODUCT_NAME = "$(TARGET_NAME)";
				SWIFT_VERSION = 4.2;
				TARGETED_DEVICE_FAMILY = "1,2";
			};
			name = Debug;
		};
		07B7F143222FF5FA00E22A27 /* Release */ = {
			isa = XCBuildConfiguration;
			buildSettings = {
				ASSETCATALOG_COMPILER_APPICON_NAME = AppIcon;
				CODE_SIGN_ENTITLEMENTS = "Gastro Places/Gastro Places.entitlements";
				CODE_SIGN_STYLE = Automatic;
				DEVELOPMENT_TEAM = H84BAJDPWF;
				INFOPLIST_FILE = "Gastro Places/Info.plist";
				LD_RUNPATH_SEARCH_PATHS = (
					"$(inherited)",
					"@executable_path/Frameworks",
				);
				PRODUCT_BUNDLE_IDENTIFIER = "com.michalmartinu.Gastro-Places";
				PRODUCT_NAME = "$(TARGET_NAME)";
				SWIFT_VERSION = 4.2;
				TARGETED_DEVICE_FAMILY = "1,2";
			};
			name = Release;
		};
/* End XCBuildConfiguration section */

/* Begin XCConfigurationList section */
		07B7F127222FF5F800E22A27 /* Build configuration list for PBXProject "Gastro Places" */ = {
			isa = XCConfigurationList;
			buildConfigurations = (
				07B7F13F222FF5FA00E22A27 /* Debug */,
				07B7F140222FF5FA00E22A27 /* Release */,
			);
			defaultConfigurationIsVisible = 0;
			defaultConfigurationName = Release;
		};
		07B7F141222FF5FA00E22A27 /* Build configuration list for PBXNativeTarget "Gastro Places" */ = {
			isa = XCConfigurationList;
			buildConfigurations = (
				07B7F142222FF5FA00E22A27 /* Debug */,
				07B7F143222FF5FA00E22A27 /* Release */,
			);
			defaultConfigurationIsVisible = 0;
			defaultConfigurationName = Release;
		};
/* End XCConfigurationList section */

/* Begin XCVersionGroup section */
		07B7F136222FF5F800E22A27 /* Gastro_Places.xcdatamodeld */ = {
			isa = XCVersionGroup;
			children = (
				07B7F137222FF5F800E22A27 /* Gastro_Places.xcdatamodel */,
			);
			currentVersion = 07B7F137222FF5F800E22A27 /* Gastro_Places.xcdatamodel */;
			path = Gastro_Places.xcdatamodeld;
			sourceTree = "<group>";
			versionGroupType = wrapper.xcdatamodel;
		};
/* End XCVersionGroup section */
	};
	rootObject = 07B7F124222FF5F800E22A27 /* Project object */;
}
